
Microsoft Visual Studio Solution File, Format Version 12.00
# Visual Studio Version 16
VisualStudioVersion = 16.0.30621.155
MinimumVisualStudioVersion = 10.0.40219.1
Project("{FAE04EC0-301F-11D3-BF4B-00C04F79EFBC}") = "ConsoleApp1", "ConsoleApp1\ConsoleApp1.csproj", "{34BB48D0-211A-4CB6-9C9A-20B6E5EB1ACE}"
EndProject
Global
	GlobalSection(SolutionConfigurationPlatforms) = preSolution
		Debug|Any CPU = Debug|Any CPU
		Release|Any CPU = Release|Any CPU
	EndGlobalSection
	GlobalSection(ProjectConfigurationPlatforms) = postSolution
		{34BB48D0-211A-4CB6-9C9A-20B6E5EB1ACE}.Debug|Any CPU.ActiveCfg = Debug|Any CPU
		{34BB48D0-211A-4CB6-9C9A-20B6E5EB1ACE}.Debug|Any CPU.Build.0 = Debug|Any CPU
		{34BB48D0-211A-4CB6-9C9A-20B6E5EB1ACE}.Release|Any CPU.ActiveCfg = Release|Any CPU
		{34BB48D0-211A-4CB6-9C9A-20B6E5EB1ACE}.Release|Any CPU.Build.0 = Release|Any CPU
	EndGlobalSection
	GlobalSection(SolutionProperties) = preSolution
		HideSolutionNode = FALSE
	EndGlobalSection
	GlobalSection(ExtensibilityGlobals) = postSolution
		SolutionGuid = {6165C4A0-8DB7-4351-8B26-B717D06AB655}
	EndGlobalSection
EndGlobal
